// !$*UTF8*$!
{
	archiveVersion = 1;
	classes = {
	};
	objectVersion = 46;
	objects = {

/* Begin PBXBuildFile section */
		60F5E31C1CFD2E76000ACC35 /* main.m in Sources */ = {isa = PBXBuildFile; fileRef = 60F5E31B1CFD2E76000ACC35 /* main.m */; };
		60F5E31F1CFD2E76000ACC35 /* AppDelegate.m in Sources */ = {isa = PBXBuildFile; fileRef = 60F5E31E1CFD2E76000ACC35 /* AppDelegate.m */; };
		60F5E3221CFD2E76000ACC35 /* ViewController.m in Sources */ = {isa = PBXBuildFile; fileRef = 60F5E3211CFD2E76000ACC35 /* ViewController.m */; };
		60F5E3251CFD2E76000ACC35 /* Main.storyboard in Resources */ = {isa = PBXBuildFile; fileRef = 60F5E3231CFD2E76000ACC35 /* Main.storyboard */; };
		60F5E3271CFD2E76000ACC35 /* Assets.xcassets in Resources */ = {isa = PBXBuildFile; fileRef = 60F5E3261CFD2E76000ACC35 /* Assets.xcassets */; };
		60F5E32A1CFD2E76000ACC35 /* LaunchScreen.storyboard in Resources */ = {isa = PBXBuildFile; fileRef = 60F5E3281CFD2E76000ACC35 /* LaunchScreen.storyboard */; };
		60F5E3351CFD2E77000ACC35 /* HSruntimeTests.m in Sources */ = {isa = PBXBuildFile; fileRef = 60F5E3341CFD2E77000ACC35 /* HSruntimeTests.m */; };
		60F5E3401CFD2E77000ACC35 /* HSruntimeUITests.m in Sources */ = {isa = PBXBuildFile; fileRef = 60F5E33F1CFD2E77000ACC35 /* HSruntimeUITests.m */; };
		60F5E3561CFD5E72000ACC35 /* Person.m in Sources */ = {isa = PBXBuildFile; fileRef = 60F5E3551CFD5E72000ACC35 /* Person.m */; };
		60F5E35D1CFE5D51000ACC35 /* MsgViewController.m in Sources */ = {isa = PBXBuildFile; fileRef = 60F5E35C1CFE5D51000ACC35 /* MsgViewController.m */; };
		60F5E3631CFE7A8B000ACC35 /* UIImage+Image.m in Sources */ = {isa = PBXBuildFile; fileRef = 60F5E3621CFE7A8B000ACC35 /* UIImage+Image.m */; };
		60F5E36C1CFE7B50000ACC35 /* MethodExchangeVC.m in Sources */ = {isa = PBXBuildFile; fileRef = 60F5E36B1CFE7B50000ACC35 /* MethodExchangeVC.m */; };
		60F5E36F1CFEA605000ACC35 /* NSObject+Swizzle.m in Sources */ = {isa = PBXBuildFile; fileRef = 60F5E36E1CFEA605000ACC35 /* NSObject+Swizzle.m */; };
		60F5E3751CFEBF2A000ACC35 /* UIViewController+Swizzle.m in Sources */ = {isa = PBXBuildFile; fileRef = 60F5E3741CFEBF2A000ACC35 /* UIViewController+Swizzle.m */; };
		60F5E3831CFEE1EB000ACC35 /* DynamicAddMethodVC.m in Sources */ = {isa = PBXBuildFile; fileRef = 60F5E3821CFEE1EB000ACC35 /* DynamicAddMethodVC.m */; };
		60F5E3861CFEE3EB000ACC35 /* Cat.m in Sources */ = {isa = PBXBuildFile; fileRef = 60F5E3851CFEE3EB000ACC35 /* Cat.m */; };
		60F5E3891CFEEFDB000ACC35 /* Dog.m in Sources */ = {isa = PBXBuildFile; fileRef = 60F5E3881CFEEFDB000ACC35 /* Dog.m */; };
		60F5E38C1CFEF592000ACC35 /* Bird.m in Sources */ = {isa = PBXBuildFile; fileRef = 60F5E38B1CFEF592000ACC35 /* Bird.m */; };
		60F5E3901CFF23BB000ACC35 /* AssociationViewController.m in Sources */ = {isa = PBXBuildFile; fileRef = 60F5E38F1CFF23BB000ACC35 /* AssociationViewController.m */; };
		60F5E3931CFF25CF000ACC35 /* NSObject+Objc.m in Sources */ = {isa = PBXBuildFile; fileRef = 60F5E3921CFF25CF000ACC35 /* NSObject+Objc.m */; };
/* End PBXBuildFile section */

/* Begin PBXContainerItemProxy section */
		60F5E3311CFD2E77000ACC35 /* PBXContainerItemProxy */ = {
			isa = PBXContainerItemProxy;
			containerPortal = 60F5E30F1CFD2E76000ACC35 /* Project object */;
			proxyType = 1;
			remoteGlobalIDString = 60F5E3161CFD2E76000ACC35;
			remoteInfo = HSruntime;
		};
		60F5E33C1CFD2E77000ACC35 /* PBXContainerItemProxy */ = {
			isa = PBXContainerItemProxy;
			containerPortal = 60F5E30F1CFD2E76000ACC35 /* Project object */;
			proxyType = 1;
			remoteGlobalIDString = 60F5E3161CFD2E76000ACC35;
			remoteInfo = HSruntime;
		};
/* End PBXContainerItemProxy section */

/* Begin PBXFileReference section */
		60F5E3171CFD2E76000ACC35 /* HSruntime.app */ = {isa = PBXFileReference; explicitFileType = wrapper.application; includeInIndex = 0; path = HSruntime.app; sourceTree = BUILT_PRODUCTS_DIR; };
		60F5E31B1CFD2E76000ACC35 /* main.m */ = {isa = PBXFileReference; lastKnownFileType = sourcecode.c.objc; path = main.m; sourceTree = "<group>"; };
		60F5E31D1CFD2E76000ACC35 /* AppDelegate.h */ = {isa = PBXFileReference; lastKnownFileType = sourcecode.c.h; path = AppDelegate.h; sourceTree = "<group>"; };
		60F5E31E1CFD2E76000ACC35 /* AppDelegate.m */ = {isa = PBXFileReference; lastKnownFileType = sourcecode.c.objc; path = AppDelegate.m; sourceTree = "<group>"; };
		60F5E3201CFD2E76000ACC35 /* ViewController.h */ = {isa = PBXFileReference; lastKnownFileType = sourcecode.c.h; path = ViewController.h; sourceTree = "<group>"; };
		60F5E3211CFD2E76000ACC35 /* ViewController.m */ = {isa = PBXFileReference; lastKnownFileType = sourcecode.c.objc; path = ViewController.m; sourceTree = "<group>"; };
		60F5E3241CFD2E76000ACC35 /* Base */ = {isa = PBXFileReference; lastKnownFileType = file.storyboard; name = Base; path = Base.lproj/Main.storyboard; sourceTree = "<group>"; };
		60F5E3261CFD2E76000ACC35 /* Assets.xcassets */ = {isa = PBXFileReference; lastKnownFileType = folder.assetcatalog; path = Assets.xcassets; sourceTree = "<group>"; };
		60F5E3291CFD2E76000ACC35 /* Base */ = {isa = PBXFileReference; lastKnownFileType = file.storyboard; name = Base; path = Base.lproj/LaunchScreen.storyboard; sourceTree = "<group>"; };
		60F5E32B1CFD2E76000ACC35 /* Info.plist */ = {isa = PBXFileReference; lastKnownFileType = text.plist.xml; path = Info.plist; sourceTree = "<group>"; };
		60F5E3301CFD2E77000ACC35 /* HSruntimeTests.xctest */ = {isa = PBXFileReference; explicitFileType = wrapper.cfbundle; includeInIndex = 0; path = HSruntimeTests.xctest; sourceTree = BUILT_PRODUCTS_DIR; };
		60F5E3341CFD2E77000ACC35 /* HSruntimeTests.m */ = {isa = PBXFileReference; lastKnownFileType = sourcecode.c.objc; path = HSruntimeTests.m; sourceTree = "<group>"; };
		60F5E3361CFD2E77000ACC35 /* Info.plist */ = {isa = PBXFileReference; lastKnownFileType = text.plist.xml; path = Info.plist; sourceTree = "<group>"; };
		60F5E33B1CFD2E77000ACC35 /* HSruntimeUITests.xctest */ = {isa = PBXFileReference; explicitFileType = wrapper.cfbundle; includeInIndex = 0; path = HSruntimeUITests.xctest; sourceTree = BUILT_PRODUCTS_DIR; };
		60F5E33F1CFD2E77000ACC35 /* HSruntimeUITests.m */ = {isa = PBXFileReference; lastKnownFileType = sourcecode.c.objc; path = HSruntimeUITests.m; sourceTree = "<group>"; };
		60F5E3411CFD2E77000ACC35 /* Info.plist */ = {isa = PBXFileReference; lastKnownFileType = text.plist.xml; path = Info.plist; sourceTree = "<group>"; };
		60F5E3541CFD5E72000ACC35 /* Person.h */ = {isa = PBXFileReference; fileEncoding = 4; lastKnownFileType = sourcecode.c.h; path = Person.h; sourceTree = "<group>"; };
		60F5E3551CFD5E72000ACC35 /* Person.m */ = {isa = PBXFileReference; fileEncoding = 4; lastKnownFileType = sourcecode.c.objc; path = Person.m; sourceTree = "<group>"; };
		60F5E35B1CFE5D51000ACC35 /* MsgViewController.h */ = {isa = PBXFileReference; fileEncoding = 4; lastKnownFileType = sourcecode.c.h; path = MsgViewController.h; sourceTree = "<group>"; };
		60F5E35C1CFE5D51000ACC35 /* MsgViewController.m */ = {isa = PBXFileReference; fileEncoding = 4; lastKnownFileType = sourcecode.c.objc; path = MsgViewController.m; sourceTree = "<group>"; };
		60F5E3611CFE7A8B000ACC35 /* UIImage+Image.h */ = {isa = PBXFileReference; fileEncoding = 4; lastKnownFileType = sourcecode.c.h; path = "UIImage+Image.h"; sourceTree = "<group>"; };
		60F5E3621CFE7A8B000ACC35 /* UIImage+Image.m */ = {isa = PBXFileReference; fileEncoding = 4; lastKnownFileType = sourcecode.c.objc; path = "UIImage+Image.m"; sourceTree = "<group>"; };
		60F5E36A1CFE7B50000ACC35 /* MethodExchangeVC.h */ = {isa = PBXFileReference; fileEncoding = 4; lastKnownFileType = sourcecode.c.h; path = MethodExchangeVC.h; sourceTree = "<group>"; };
		60F5E36B1CFE7B50000ACC35 /* MethodExchangeVC.m */ = {isa = PBXFileReference; fileEncoding = 4; lastKnownFileType = sourcecode.c.objc; path = MethodExchangeVC.m; sourceTree = "<group>"; };
		60F5E36D1CFEA605000ACC35 /* NSObject+Swizzle.h */ = {isa = PBXFileReference; fileEncoding = 4; lastKnownFileType = sourcecode.c.h; path = "NSObject+Swizzle.h"; sourceTree = "<group>"; };
		60F5E36E1CFEA605000ACC35 /* NSObject+Swizzle.m */ = {isa = PBXFileReference; fileEncoding = 4; lastKnownFileType = sourcecode.c.objc; path = "NSObject+Swizzle.m"; sourceTree = "<group>"; };
		60F5E3731CFEBF2A000ACC35 /* UIViewController+Swizzle.h */ = {isa = PBXFileReference; fileEncoding = 4; lastKnownFileType = sourcecode.c.h; path = "UIViewController+Swizzle.h"; sourceTree = "<group>"; };
		60F5E3741CFEBF2A000ACC35 /* UIViewController+Swizzle.m */ = {isa = PBXFileReference; fileEncoding = 4; lastKnownFileType = sourcecode.c.objc; path = "UIViewController+Swizzle.m"; sourceTree = "<group>"; };
		60F5E3811CFEE1EB000ACC35 /* DynamicAddMethodVC.h */ = {isa = PBXFileReference; fileEncoding = 4; lastKnownFileType = sourcecode.c.h; path = DynamicAddMethodVC.h; sourceTree = "<group>"; };
		60F5E3821CFEE1EB000ACC35 /* DynamicAddMethodVC.m */ = {isa = PBXFileReference; fileEncoding = 4; lastKnownFileType = sourcecode.c.objc; path = DynamicAddMethodVC.m; sourceTree = "<group>"; };
		60F5E3841CFEE3EB000ACC35 /* Cat.h */ = {isa = PBXFileReference; fileEncoding = 4; lastKnownFileType = sourcecode.c.h; path = Cat.h; sourceTree = "<group>"; };
		60F5E3851CFEE3EB000ACC35 /* Cat.m */ = {isa = PBXFileReference; fileEncoding = 4; lastKnownFileType = sourcecode.c.objc; path = Cat.m; sourceTree = "<group>"; };
		60F5E3871CFEEFDB000ACC35 /* Dog.h */ = {isa = PBXFileReference; fileEncoding = 4; lastKnownFileType = sourcecode.c.h; path = Dog.h; sourceTree = "<group>"; };
		60F5E3881CFEEFDB000ACC35 /* Dog.m */ = {isa = PBXFileReference; fileEncoding = 4; lastKnownFileType = sourcecode.c.objc; path = Dog.m; sourceTree = "<group>"; };
		60F5E38A1CFEF592000ACC35 /* Bird.h */ = {isa = PBXFileReference; fileEncoding = 4; lastKnownFileType = sourcecode.c.h; path = Bird.h; sourceTree = "<group>"; };
		60F5E38B1CFEF592000ACC35 /* Bird.m */ = {isa = PBXFileReference; fileEncoding = 4; lastKnownFileType = sourcecode.c.objc; path = Bird.m; sourceTree = "<group>"; };
		60F5E38E1CFF23BB000ACC35 /* AssociationViewController.h */ = {isa = PBXFileReference; fileEncoding = 4; lastKnownFileType = sourcecode.c.h; path = AssociationViewController.h; sourceTree = "<group>"; };
		60F5E38F1CFF23BB000ACC35 /* AssociationViewController.m */ = {isa = PBXFileReference; fileEncoding = 4; lastKnownFileType = sourcecode.c.objc; path = AssociationViewController.m; sourceTree = "<group>"; };
		60F5E3911CFF25CF000ACC35 /* NSObject+Objc.h */ = {isa = PBXFileReference; fileEncoding = 4; lastKnownFileType = sourcecode.c.h; path = "NSObject+Objc.h"; sourceTree = "<group>"; };
		60F5E3921CFF25CF000ACC35 /* NSObject+Objc.m */ = {isa = PBXFileReference; fileEncoding = 4; lastKnownFileType = sourcecode.c.objc; path = "NSObject+Objc.m"; sourceTree = "<group>"; };
/* End PBXFileReference section */

/* Begin PBXFrameworksBuildPhase section */
		60F5E3141CFD2E76000ACC35 /* Frameworks */ = {
			isa = PBXFrameworksBuildPhase;
			buildActionMask = 2147483647;
			files = (
			);
			runOnlyForDeploymentPostprocessing = 0;
		};
		60F5E32D1CFD2E77000ACC35 /* Frameworks */ = {
			isa = PBXFrameworksBuildPhase;
			buildActionMask = 2147483647;
			files = (
			);
			runOnlyForDeploymentPostprocessing = 0;
		};
		60F5E3381CFD2E77000ACC35 /* Frameworks */ = {
			isa = PBXFrameworksBuildPhase;
			buildActionMask = 2147483647;
			files = (
			);
			runOnlyForDeploymentPostprocessing = 0;
		};
/* End PBXFrameworksBuildPhase section */

/* Begin PBXGroup section */
		60F5E30E1CFD2E76000ACC35 = {
			isa = PBXGroup;
			children = (
				60F5E3191CFD2E76000ACC35 /* HSruntime */,
				60F5E3331CFD2E77000ACC35 /* HSruntimeTests */,
				60F5E33E1CFD2E77000ACC35 /* HSruntimeUITests */,
				60F5E3181CFD2E76000ACC35 /* Products */,
			);
			sourceTree = "<group>";
		};
		60F5E3181CFD2E76000ACC35 /* Products */ = {
			isa = PBXGroup;
			children = (
				60F5E3171CFD2E76000ACC35 /* HSruntime.app */,
				60F5E3301CFD2E77000ACC35 /* HSruntimeTests.xctest */,
				60F5E33B1CFD2E77000ACC35 /* HSruntimeUITests.xctest */,
			);
			name = Products;
			sourceTree = "<group>";
		};
		60F5E3191CFD2E76000ACC35 /* HSruntime */ = {
			isa = PBXGroup;
			children = (
				60F5E31D1CFD2E76000ACC35 /* AppDelegate.h */,
				60F5E31E1CFD2E76000ACC35 /* AppDelegate.m */,
				60F5E3201CFD2E76000ACC35 /* ViewController.h */,
				60F5E3211CFD2E76000ACC35 /* ViewController.m */,
				60F5E38D1CFF2380000ACC35 /* AssociationPolicy */,
				60F5E3801CFEE108000ACC35 /* DynamicAddMethod */,
				60F5E35A1CFE5CAF000ACC35 /* MethodExchange */,
				60F5E3531CFD5E2A000ACC35 /* Message */,
				60F5E3231CFD2E76000ACC35 /* Main.storyboard */,
				60F5E3261CFD2E76000ACC35 /* Assets.xcassets */,
				60F5E3281CFD2E76000ACC35 /* LaunchScreen.storyboard */,
				60F5E32B1CFD2E76000ACC35 /* Info.plist */,
				60F5E31A1CFD2E76000ACC35 /* Supporting Files */,
			);
			path = HSruntime;
			sourceTree = "<group>";
		};
		60F5E31A1CFD2E76000ACC35 /* Supporting Files */ = {
			isa = PBXGroup;
			children = (
				60F5E31B1CFD2E76000ACC35 /* main.m */,
			);
			name = "Supporting Files";
			sourceTree = "<group>";
		};
		60F5E3331CFD2E77000ACC35 /* HSruntimeTests */ = {
			isa = PBXGroup;
			children = (
				60F5E3341CFD2E77000ACC35 /* HSruntimeTests.m */,
				60F5E3361CFD2E77000ACC35 /* Info.plist */,
			);
			path = HSruntimeTests;
			sourceTree = "<group>";
		};
		60F5E33E1CFD2E77000ACC35 /* HSruntimeUITests */ = {
			isa = PBXGroup;
			children = (
				60F5E33F1CFD2E77000ACC35 /* HSruntimeUITests.m */,
				60F5E3411CFD2E77000ACC35 /* Info.plist */,
			);
			path = HSruntimeUITests;
			sourceTree = "<group>";
		};
		60F5E3531CFD5E2A000ACC35 /* Message */ = {
			isa = PBXGroup;
			children = (
				60F5E35B1CFE5D51000ACC35 /* MsgViewController.h */,
				60F5E35C1CFE5D51000ACC35 /* MsgViewController.m */,
				60F5E3541CFD5E72000ACC35 /* Person.h */,
				60F5E3551CFD5E72000ACC35 /* Person.m */,
			);
			path = Message;
			sourceTree = "<group>";
		};
		60F5E35A1CFE5CAF000ACC35 /* MethodExchange */ = {
			isa = PBXGroup;
			children = (
				60F5E36A1CFE7B50000ACC35 /* MethodExchangeVC.h */,
				60F5E36B1CFE7B50000ACC35 /* MethodExchangeVC.m */,
				60F5E3611CFE7A8B000ACC35 /* UIImage+Image.h */,
				60F5E3621CFE7A8B000ACC35 /* UIImage+Image.m */,
				60F5E36D1CFEA605000ACC35 /* NSObject+Swizzle.h */,
				60F5E36E1CFEA605000ACC35 /* NSObject+Swizzle.m */,
				60F5E3731CFEBF2A000ACC35 /* UIViewController+Swizzle.h */,
				60F5E3741CFEBF2A000ACC35 /* UIViewController+Swizzle.m */,
			);
			path = MethodExchange;
			sourceTree = "<group>";
		};
		60F5E3801CFEE108000ACC35 /* DynamicAddMethod */ = {
			isa = PBXGroup;
			children = (
				60F5E3811CFEE1EB000ACC35 /* DynamicAddMethodVC.h */,
				60F5E3821CFEE1EB000ACC35 /* DynamicAddMethodVC.m */,
				60F5E3841CFEE3EB000ACC35 /* Cat.h */,
				60F5E3851CFEE3EB000ACC35 /* Cat.m */,
				60F5E3871CFEEFDB000ACC35 /* Dog.h */,
				60F5E3881CFEEFDB000ACC35 /* Dog.m */,
				60F5E38A1CFEF592000ACC35 /* Bird.h */,
				60F5E38B1CFEF592000ACC35 /* Bird.m */,
			);
			path = DynamicAddMethod;
			sourceTree = "<group>";
		};
		60F5E38D1CFF2380000ACC35 /* AssociationPolicy */ = {
			isa = PBXGroup;
			children = (
				60F5E38E1CFF23BB000ACC35 /* AssociationViewController.h */,
				60F5E38F1CFF23BB000ACC35 /* AssociationViewController.m */,
				60F5E3911CFF25CF000ACC35 /* NSObject+Objc.h */,
				60F5E3921CFF25CF000ACC35 /* NSObject+Objc.m */,
			);
			path = AssociationPolicy;
			sourceTree = "<group>";
		};
/* End PBXGroup section */

/* Begin PBXNativeTarget section */
		60F5E3161CFD2E76000ACC35 /* HSruntime */ = {
			isa = PBXNativeTarget;
			buildConfigurationList = 60F5E3441CFD2E77000ACC35 /* Build configuration list for PBXNativeTarget "HSruntime" */;
			buildPhases = (
				60F5E3131CFD2E76000ACC35 /* Sources */,
				60F5E3141CFD2E76000ACC35 /* Frameworks */,
				60F5E3151CFD2E76000ACC35 /* Resources */,
			);
			buildRules = (
			);
			dependencies = (
			);
			name = HSruntime;
			productName = HSruntime;
			productReference = 60F5E3171CFD2E76000ACC35 /* HSruntime.app */;
			productType = "com.apple.product-type.application";
		};
		60F5E32F1CFD2E77000ACC35 /* HSruntimeTests */ = {
			isa = PBXNativeTarget;
			buildConfigurationList = 60F5E3471CFD2E77000ACC35 /* Build configuration list for PBXNativeTarget "HSruntimeTests" */;
			buildPhases = (
				60F5E32C1CFD2E77000ACC35 /* Sources */,
				60F5E32D1CFD2E77000ACC35 /* Frameworks */,
				60F5E32E1CFD2E77000ACC35 /* Resources */,
			);
			buildRules = (
			);
			dependencies = (
				60F5E3321CFD2E77000ACC35 /* PBXTargetDependency */,
			);
			name = HSruntimeTests;
			productName = HSruntimeTests;
			productReference = 60F5E3301CFD2E77000ACC35 /* HSruntimeTests.xctest */;
			productType = "com.apple.product-type.bundle.unit-test";
		};
		60F5E33A1CFD2E77000ACC35 /* HSruntimeUITests */ = {
			isa = PBXNativeTarget;
			buildConfigurationList = 60F5E34A1CFD2E77000ACC35 /* Build configuration list for PBXNativeTarget "HSruntimeUITests" */;
			buildPhases = (
				60F5E3371CFD2E77000ACC35 /* Sources */,
				60F5E3381CFD2E77000ACC35 /* Frameworks */,
				60F5E3391CFD2E77000ACC35 /* Resources */,
			);
			buildRules = (
			);
			dependencies = (
				60F5E33D1CFD2E77000ACC35 /* PBXTargetDependency */,
			);
			name = HSruntimeUITests;
			productName = HSruntimeUITests;
			productReference = 60F5E33B1CFD2E77000ACC35 /* HSruntimeUITests.xctest */;
			productType = "com.apple.product-type.bundle.ui-testing";
		};
/* End PBXNativeTarget section */

/* Begin PBXProject section */
		60F5E30F1CFD2E76000ACC35 /* Project object */ = {
			isa = PBXProject;
			attributes = {
				LastUpgradeCheck = 0730;
				ORGANIZATIONNAME = hansen;
				TargetAttributes = {
					60F5E3161CFD2E76000ACC35 = {
						CreatedOnToolsVersion = 7.3;
					};
					60F5E32F1CFD2E77000ACC35 = {
						CreatedOnToolsVersion = 7.3;
						TestTargetID = 60F5E3161CFD2E76000ACC35;
					};
					60F5E33A1CFD2E77000ACC35 = {
						CreatedOnToolsVersion = 7.3;
						TestTargetID = 60F5E3161CFD2E76000ACC35;
					};
				};
			};
			buildConfigurationList = 60F5E3121CFD2E76000ACC35 /* Build configuration list for PBXProject "HSruntime" */;
			compatibilityVersion = "Xcode 3.2";
			developmentRegion = English;
			hasScannedForEncodings = 0;
			knownRegions = (
				en,
				Base,
			);
			mainGroup = 60F5E30E1CFD2E76000ACC35;
			productRefGroup = 60F5E3181CFD2E76000ACC35 /* Products */;
			projectDirPath = "";
			projectRoot = "";
			targets = (
				60F5E3161CFD2E76000ACC35 /* HSruntime */,
				60F5E32F1CFD2E77000ACC35 /* HSruntimeTests */,
				60F5E33A1CFD2E77000ACC35 /* HSruntimeUITests */,
			);
		};
/* End PBXProject section */

/* Begin PBXResourcesBuildPhase section */
		60F5E3151CFD2E76000ACC35 /* Resources */ = {
			isa = PBXResourcesBuildPhase;
			buildActionMask = 2147483647;
			files = (
				60F5E32A1CFD2E76000ACC35 /* LaunchScreen.storyboard in Resources */,
				60F5E3271CFD2E76000ACC35 /* Assets.xcassets in Resources */,
				60F5E3251CFD2E76000ACC35 /* Main.storyboard in Resources */,
			);
			runOnlyForDeploymentPostprocessing = 0;
		};
		60F5E32E1CFD2E77000ACC35 /* Resources */ = {
			isa = PBXResourcesBuildPhase;
			buildActionMask = 2147483647;
			files = (
			);
			runOnlyForDeploymentPostprocessing = 0;
		};
		60F5E3391CFD2E77000ACC35 /* Resources */ = {
			isa = PBXResourcesBuildPhase;
			buildActionMask = 2147483647;
			files = (
			);
			runOnlyForDeploymentPostprocessing = 0;
		};
/* End PBXResourcesBuildPhase section */

/* Begin PBXSourcesBuildPhase section */
		60F5E3131CFD2E76000ACC35 /* Sources */ = {
			isa = PBXSourcesBuildPhase;
			buildActionMask = 2147483647;
			files = (
				60F5E38C1CFEF592000ACC35 /* Bird.m in Sources */,
				60F5E3861CFEE3EB000ACC35 /* Cat.m in Sources */,
				60F5E36F1CFEA605000ACC35 /* NSObject+Swizzle.m in Sources */,
				60F5E3751CFEBF2A000ACC35 /* UIViewController+Swizzle.m in Sources */,
				60F5E3221CFD2E76000ACC35 /* ViewController.m in Sources */,
				60F5E31F1CFD2E76000ACC35 /* AppDelegate.m in Sources */,
				60F5E3901CFF23BB000ACC35 /* AssociationViewController.m in Sources */,
				60F5E3561CFD5E72000ACC35 /* Person.m in Sources */,
				60F5E3891CFEEFDB000ACC35 /* Dog.m in Sources */,
				60F5E3831CFEE1EB000ACC35 /* DynamicAddMethodVC.m in Sources */,
				60F5E3631CFE7A8B000ACC35 /* UIImage+Image.m in Sources */,
				60F5E36C1CFE7B50000ACC35 /* MethodExchangeVC.m in Sources */,
				60F5E35D1CFE5D51000ACC35 /* MsgViewController.m in Sources */,
				60F5E3931CFF25CF000ACC35 /* NSObject+Objc.m in Sources */,
				60F5E31C1CFD2E76000ACC35 /* main.m in Sources */,
			);
			runOnlyForDeploymentPostprocessing = 0;
		};
		60F5E32C1CFD2E77000ACC35 /* Sources */ = {
			isa = PBXSourcesBuildPhase;
			buildActionMask = 2147483647;
			files = (
				60F5E3351CFD2E77000ACC35 /* HSruntimeTests.m in Sources */,
			);
			runOnlyForDeploymentPostprocessing = 0;
		};
		60F5E3371CFD2E77000ACC35 /* Sources */ = {
			isa = PBXSourcesBuildPhase;
			buildActionMask = 2147483647;
			files = (
				60F5E3401CFD2E77000ACC35 /* HSruntimeUITests.m in Sources */,
			);
			runOnlyForDeploymentPostprocessing = 0;
		};
/* End PBXSourcesBuildPhase section */

/* Begin PBXTargetDependency section */
		60F5E3321CFD2E77000ACC35 /* PBXTargetDependency */ = {
			isa = PBXTargetDependency;
			target = 60F5E3161CFD2E76000ACC35 /* HSruntime */;
			targetProxy = 60F5E3311CFD2E77000ACC35 /* PBXContainerItemProxy */;
		};
		60F5E33D1CFD2E77000ACC35 /* PBXTargetDependency */ = {
			isa = PBXTargetDependency;
			target = 60F5E3161CFD2E76000ACC35 /* HSruntime */;
			targetProxy = 60F5E33C1CFD2E77000ACC35 /* PBXContainerItemProxy */;
		};
/* End PBXTargetDependency section */

/* Begin PBXVariantGroup section */
		60F5E3231CFD2E76000ACC35 /* Main.storyboard */ = {
			isa = PBXVariantGroup;
			children = (
				60F5E3241CFD2E76000ACC35 /* Base */,
			);
			name = Main.storyboard;
			sourceTree = "<group>";
		};
		60F5E3281CFD2E76000ACC35 /* LaunchScreen.storyboard */ = {
			isa = PBXVariantGroup;
			children = (
				60F5E3291CFD2E76000ACC35 /* Base */,
			);
			name = LaunchScreen.storyboard;
			sourceTree = "<group>";
		};
/* End PBXVariantGroup section */

/* Begin XCBuildConfiguration section */
		60F5E3421CFD2E77000ACC35 /* Debug */ = {
			isa = XCBuildConfiguration;
			buildSettings = {
				ALWAYS_SEARCH_USER_PATHS = NO;
				CLANG_ANALYZER_NONNULL = YES;
				CLANG_CXX_LANGUAGE_STANDARD = "gnu++0x";
				CLANG_CXX_LIBRARY = "libc++";
				CLANG_ENABLE_MODULES = YES;
				CLANG_ENABLE_OBJC_ARC = YES;
				CLANG_WARN_BOOL_CONVERSION = YES;
				CLANG_WARN_CONSTANT_CONVERSION = YES;
				CLANG_WARN_DIRECT_OBJC_ISA_USAGE = YES_ERROR;
				CLANG_WARN_EMPTY_BODY = YES;
				CLANG_WARN_ENUM_CONVERSION = YES;
				CLANG_WARN_INT_CONVERSION = YES;
				CLANG_WARN_OBJC_ROOT_CLASS = YES_ERROR;
				CLANG_WARN_UNREACHABLE_CODE = YES;
				CLANG_WARN__DUPLICATE_METHOD_MATCH = YES;
				"CODE_SIGN_IDENTITY[sdk=iphoneos*]" = "iPhone Developer";
				COPY_PHASE_STRIP = NO;
				DEBUG_INFORMATION_FORMAT = dwarf;
				ENABLE_STRICT_OBJC_MSGSEND = YES;
				ENABLE_TESTABILITY = YES;
				GCC_C_LANGUAGE_STANDARD = gnu99;
				GCC_DYNAMIC_NO_PIC = NO;
				GCC_NO_COMMON_BLOCKS = YES;
				GCC_OPTIMIZATION_LEVEL = 0;
				GCC_PREPROCESSOR_DEFINITIONS = (
					"DEBUG=1",
					"$(inherited)",
				);
				GCC_WARN_64_TO_32_BIT_CONVERSION = YES;
				GCC_WARN_ABOUT_RETURN_TYPE = YES_ERROR;
				GCC_WARN_UNDECLARED_SELECTOR = YES;
				GCC_WARN_UNINITIALIZED_AUTOS = YES_AGGRESSIVE;
				GCC_WARN_UNUSED_FUNCTION = YES;
				GCC_WARN_UNUSED_VARIABLE = YES;
				IPHONEOS_DEPLOYMENT_TARGET = 9.3;
				MTL_ENABLE_DEBUG_INFO = YES;
				ONLY_ACTIVE_ARCH = YES;
				SDKROOT = iphoneos;
			};
			name = Debug;
		};
		60F5E3431CFD2E77000ACC35 /* Release */ = {
			isa = XCBuildConfiguration;
			buildSettings = {
				ALWAYS_SEARCH_USER_PATHS = NO;
				CLANG_ANALYZER_NONNULL = YES;
				CLANG_CXX_LANGUAGE_STANDARD = "gnu++0x";
				CLANG_CXX_LIBRARY = "libc++";
				CLANG_ENABLE_MODULES = YES;
				CLANG_ENABLE_OBJC_ARC = YES;
				CLANG_WARN_BOOL_CONVERSION = YES;
				CLANG_WARN_CONSTANT_CONVERSION = YES;
				CLANG_WARN_DIRECT_OBJC_ISA_USAGE = YES_ERROR;
				CLANG_WARN_EMPTY_BODY = YES;
				CLANG_WARN_ENUM_CONVERSION = YES;
				CLANG_WARN_INT_CONVERSION = YES;
				CLANG_WARN_OBJC_ROOT_CLASS = YES_ERROR;
				CLANG_WARN_UNREACHABLE_CODE = YES;
				CLANG_WARN__DUPLICATE_METHOD_MATCH = YES;
				"CODE_SIGN_IDENTITY[sdk=iphoneos*]" = "iPhone Developer";
				COPY_PHASE_STRIP = NO;
				DEBUG_INFORMATION_FORMAT = "dwarf-with-dsym";
				ENABLE_NS_ASSERTIONS = NO;
				ENABLE_STRICT_OBJC_MSGSEND = YES;
				GCC_C_LANGUAGE_STANDARD = gnu99;
				GCC_NO_COMMON_BLOCKS = YES;
				GCC_WARN_64_TO_32_BIT_CONVERSION = YES;
				GCC_WARN_ABOUT_RETURN_TYPE = YES_ERROR;
				GCC_WARN_UNDECLARED_SELECTOR = YES;
				GCC_WARN_UNINITIALIZED_AUTOS = YES_AGGRESSIVE;
				GCC_WARN_UNUSED_FUNCTION = YES;
				GCC_WARN_UNUSED_VARIABLE = YES;
				IPHONEOS_DEPLOYMENT_TARGET = 9.3;
				MTL_ENABLE_DEBUG_INFO = NO;
				SDKROOT = iphoneos;
				VALIDATE_PRODUCT = YES;
			};
			name = Release;
		};
		60F5E3451CFD2E77000ACC35 /* Debug */ = {
			isa = XCBuildConfiguration;
			buildSettings = {
				ASSETCATALOG_COMPILER_APPICON_NAME = AppIcon;
				ENABLE_STRICT_OBJC_MSGSEND = NO;
				INFOPLIST_FILE = HSruntime/Info.plist;
				LD_RUNPATH_SEARCH_PATHS = "$(inherited) @executable_path/Frameworks";
				PRODUCT_BUNDLE_IDENTIFIER = "--.HSruntime";
				PRODUCT_NAME = "$(TARGET_NAME)";
			};
			name = Debug;
		};
		60F5E3461CFD2E77000ACC35 /* Release */ = {
			isa = XCBuildConfiguration;
			buildSettings = {
				ASSETCATALOG_COMPILER_APPICON_NAME = AppIcon;
				ENABLE_STRICT_OBJC_MSGSEND = NO;
				INFOPLIST_FILE = HSruntime/Info.plist;
				LD_RUNPATH_SEARCH_PATHS = "$(inherited) @executable_path/Frameworks";
				PRODUCT_BUNDLE_IDENTIFIER = "--.HSruntime";
				PRODUCT_NAME = "$(TARGET_NAME)";
			};
			name = Release;
		};
		60F5E3481CFD2E77000ACC35 /* Debug */ = {
			isa = XCBuildConfiguration;
			buildSettings = {
				BUNDLE_LOADER = "$(TEST_HOST)";
				INFOPLIST_FILE = HSruntimeTests/Info.plist;
				LD_RUNPATH_SEARCH_PATHS = "$(inherited) @executable_path/Frameworks @loader_path/Frameworks";
				PRODUCT_BUNDLE_IDENTIFIER = "--.HSruntimeTests";
				PRODUCT_NAME = "$(TARGET_NAME)";
				TEST_HOST = "$(BUILT_PRODUCTS_DIR)/HSruntime.app/HSruntime";
			};
			name = Debug;
		};
		60F5E3491CFD2E77000ACC35 /* Release */ = {
			isa = XCBuildConfiguration;
			buildSettings = {
				BUNDLE_LOADER = "$(TEST_HOST)";
				INFOPLIST_FILE = HSruntimeTests/Info.plist;
				LD_RUNPATH_SEARCH_PATHS = "$(inherited) @executable_path/Frameworks @loader_path/Frameworks";
				PRODUCT_BUNDLE_IDENTIFIER = "--.HSruntimeTests";
				PRODUCT_NAME = "$(TARGET_NAME)";
				TEST_HOST = "$(BUILT_PRODUCTS_DIR)/HSruntime.app/HSruntime";
			};
			name = Release;
		};
		60F5E34B1CFD2E77000ACC35 /* Debug */ = {
			isa = XCBuildConfiguration;
			buildSettings = {
				INFOPLIST_FILE = HSruntimeUITests/Info.plist;
				LD_RUNPATH_SEARCH_PATHS = "$(inherited) @executable_path/Frameworks @loader_path/Frameworks";
				PRODUCT_BUNDLE_IDENTIFIER = "--.HSruntimeUITests";
				PRODUCT_NAME = "$(TARGET_NAME)";
				TEST_TARGET_NAME = HSruntime;
			};
			name = Debug;
		};
		60F5E34C1CFD2E77000ACC35 /* Release */ = {
			isa = XCBuildConfiguration;
			buildSettings = {
				INFOPLIST_FILE = HSruntimeUITests/Info.plist;
				LD_RUNPATH_SEARCH_PATHS = "$(inherited) @executable_path/Frameworks @loader_path/Frameworks";
				PRODUCT_BUNDLE_IDENTIFIER = "--.HSruntimeUITests";
				PRODUCT_NAME = "$(TARGET_NAME)";
				TEST_TARGET_NAME = HSruntime;
			};
			name = Release;
		};
/* End XCBuildConfiguration section */

/* Begin XCConfigurationList section */
		60F5E3121CFD2E76000ACC35 /* Build configuration list for PBXProject "HSruntime" */ = {
			isa = XCConfigurationList;
			buildConfigurations = (
				60F5E3421CFD2E77000ACC35 /* Debug */,
				60F5E3431CFD2E77000ACC35 /* Release */,
			);
			defaultConfigurationIsVisible = 0;
			defaultConfigurationName = Release;
		};
		60F5E3441CFD2E77000ACC35 /* Build configuration list for PBXNativeTarget "HSruntime" */ = {
			isa = XCConfigurationList;
			buildConfigurations = (
				60F5E3451CFD2E77000ACC35 /* Debug */,
				60F5E3461CFD2E77000ACC35 /* Release */,
			);
			defaultConfigurationIsVisible = 0;
		};
		60F5E3471CFD2E77000ACC35 /* Build configuration list for PBXNativeTarget "HSruntimeTests" */ = {
			isa = XCConfigurationList;
			buildConfigurations = (
				60F5E3481CFD2E77000ACC35 /* Debug */,
				60F5E3491CFD2E77000ACC35 /* Release */,
			);
			defaultConfigurationIsVisible = 0;
		};
		60F5E34A1CFD2E77000ACC35 /* Build configuration list for PBXNativeTarget "HSruntimeUITests" */ = {
			isa = XCConfigurationList;
			buildConfigurations = (
				60F5E34B1CFD2E77000ACC35 /* Debug */,
				60F5E34C1CFD2E77000ACC35 /* Release */,
			);
			defaultConfigurationIsVisible = 0;
		};
/* End XCConfigurationList section */
	};
	rootObject = 60F5E30F1CFD2E76000ACC35 /* Project object */;
}
